
Microsoft Visual Studio Solution File, Format Version 12.00
# Visual Studio Version 16
VisualStudioVersion = 16.0.30804.86
MinimumVisualStudioVersion = 10.0.40219.1
Project("{FAE04EC0-301F-11D3-BF4B-00C04F79EFBC}") = "GamePlayTime", "GamePlayTime\GamePlayTime.csproj", "{76ABBFE8-5EF4-4CD8-A340-19E65A04F83D}"
EndProject
Global
	GlobalSection(SolutionConfigurationPlatforms) = preSolution
		Debug|Any CPU = Debug|Any CPU
		Debug|x64 = Debug|x64
		Release|Any CPU = Release|Any CPU
		Release|x64 = Release|x64
	EndGlobalSection
	GlobalSection(ProjectConfigurationPlatforms) = postSolution
		{76ABBFE8-5EF4-4CD8-A340-19E65A04F83D}.Debug|Any CPU.ActiveCfg = Debug|Any CPU
		{76ABBFE8-5EF4-4CD8-A340-19E65A04F83D}.Debug|Any CPU.Build.0 = Debug|Any CPU
		{76ABBFE8-5EF4-4CD8-A340-19E65A04F83D}.Debug|x64.ActiveCfg = Debug|x64
		{76ABBFE8-5EF4-4CD8-A340-19E65A04F83D}.Debug|x64.Build.0 = Debug|x64
		{76ABBFE8-5EF4-4CD8-A340-19E65A04F83D}.Release|Any CPU.ActiveCfg = Release|Any CPU
		{76ABBFE8-5EF4-4CD8-A340-19E65A04F83D}.Release|Any CPU.Build.0 = Release|Any CPU
		{76ABBFE8-5EF4-4CD8-A340-19E65A04F83D}.Release|x64.ActiveCfg = Release|x64
		{76ABBFE8-5EF4-4CD8-A340-19E65A04F83D}.Release|x64.Build.0 = Release|x64
	EndGlobalSection
	GlobalSection(SolutionProperties) = preSolution
		HideSolutionNode = FALSE
	EndGlobalSection
	GlobalSection(ExtensibilityGlobals) = postSolution
		SolutionGuid = {C68763C9-CDEB-4169-9F06-02A5C8F0DCC9}
	EndGlobalSection
EndGlobal
